// !$*UTF8*$!
{
	archiveVersion = 1;
	classes = {
	};
	objectVersion = 50;
	objects = {

/* Begin PBXBuildFile section */
		3173A7BD4C0F8A521983555E /* Pods_AutoLayout.framework in Frameworks */ = {isa = PBXBuildFile; fileRef = 1B1252CB9267B342A4E6B55F /* Pods_AutoLayout.framework */; };
		7668997320AB298E00EAACED /* WZImageCollectionViewCell.swift in Sources */ = {isa = PBXBuildFile; fileRef = 7668997220AB298E00EAACED /* WZImageCollectionViewCell.swift */; };
		B427032520A5860D0052C5A8 /* AutoImageSize.storyboard in Resources */ = {isa = PBXBuildFile; fileRef = B427032420A5860D0052C5A8 /* AutoImageSize.storyboard */; };
		B427032720A586260052C5A8 /* WZAutoImageSizeViewController.swift in Sources */ = {isa = PBXBuildFile; fileRef = B427032620A586260052C5A8 /* WZAutoImageSizeViewController.swift */; };
		B427032920A58A440052C5A8 /* WZImageSizeCell.swift in Sources */ = {isa = PBXBuildFile; fileRef = B427032820A58A440052C5A8 /* WZImageSizeCell.swift */; };
		B4390DAC20A5489700E11123 /* AppDelegate.swift in Sources */ = {isa = PBXBuildFile; fileRef = B4390DAB20A5489700E11123 /* AppDelegate.swift */; };
		B4390DB120A5489700E11123 /* Main.storyboard in Resources */ = {isa = PBXBuildFile; fileRef = B4390DAF20A5489700E11123 /* Main.storyboard */; };
		B4390DB320A5489900E11123 /* Assets.xcassets in Resources */ = {isa = PBXBuildFile; fileRef = B4390DB220A5489900E11123 /* Assets.xcassets */; };
		B4390DB620A5489900E11123 /* LaunchScreen.storyboard in Resources */ = {isa = PBXBuildFile; fileRef = B4390DB420A5489900E11123 /* LaunchScreen.storyboard */; };
		B4390DC420A55F4200E11123 /* Category.swift in Sources */ = {isa = PBXBuildFile; fileRef = B4390DC320A55F4200E11123 /* Category.swift */; };
		B4390DCA20A55F6900E11123 /* BYNetRequest.swift in Sources */ = {isa = PBXBuildFile; fileRef = B4390DC620A55F6800E11123 /* BYNetRequest.swift */; };
		B4390DCB20A55F6900E11123 /* BYLoadingTool.swift in Sources */ = {isa = PBXBuildFile; fileRef = B4390DC720A55F6800E11123 /* BYLoadingTool.swift */; };
		B4390DCC20A55F6900E11123 /* BYTopImageBottomTitleButton.swift in Sources */ = {isa = PBXBuildFile; fileRef = B4390DC820A55F6800E11123 /* BYTopImageBottomTitleButton.swift */; };
		B4390DCD20A55F6900E11123 /* Common.swift in Sources */ = {isa = PBXBuildFile; fileRef = B4390DC920A55F6900E11123 /* Common.swift */; };
		B452F0D220AC1290004C2384 /* SinaData.json in Resources */ = {isa = PBXBuildFile; fileRef = B452F0D120AC1290004C2384 /* SinaData.json */; };
		B452F0F320AC1748004C2384 /* JPVideoPlayerDownloader.m in Sources */ = {isa = PBXBuildFile; fileRef = B452F0D620AC1748004C2384 /* JPVideoPlayerDownloader.m */; };
		B452F0F420AC1748004C2384 /* JPVideoPlayerCache.m in Sources */ = {isa = PBXBuildFile; fileRef = B452F0D720AC1748004C2384 /* JPVideoPlayerCache.m */; };
		B452F0F520AC1748004C2384 /* UIView+WebVideoCache.m in Sources */ = {isa = PBXBuildFile; fileRef = B452F0DA20AC1748004C2384 /* UIView+WebVideoCache.m */; };
		B452F0F620AC1748004C2384 /* JPVideoPlayerCompat.m in Sources */ = {isa = PBXBuildFile; fileRef = B452F0DB20AC1748004C2384 /* JPVideoPlayerCompat.m */; };
		B452F0F720AC1748004C2384 /* JPVideoPlayerResourceLoader.m in Sources */ = {isa = PBXBuildFile; fileRef = B452F0DF20AC1748004C2384 /* JPVideoPlayerResourceLoader.m */; };
		B452F0F820AC1748004C2384 /* JPVideoPlayerCacheFile.m in Sources */ = {isa = PBXBuildFile; fileRef = B452F0E420AC1748004C2384 /* JPVideoPlayerCacheFile.m */; };
		B452F0F920AC1748004C2384 /* JPVideoPlayerControlViews.m in Sources */ = {isa = PBXBuildFile; fileRef = B452F0E520AC1748004C2384 /* JPVideoPlayerControlViews.m */; };
		B452F0FA20AC1748004C2384 /* JPVideoPlayer.bundle in Resources */ = {isa = PBXBuildFile; fileRef = B452F0E720AC1748004C2384 /* JPVideoPlayer.bundle */; };
		B452F0FB20AC1748004C2384 /* UITableView+WebVideoCache.m in Sources */ = {isa = PBXBuildFile; fileRef = B452F0E920AC1748004C2384 /* UITableView+WebVideoCache.m */; };
		B452F0FC20AC1748004C2384 /* JPVideoPlayerManager.m in Sources */ = {isa = PBXBuildFile; fileRef = B452F0EA20AC1748004C2384 /* JPVideoPlayerManager.m */; };
		B452F0FD20AC1748004C2384 /* JPVideoPlayer.m in Sources */ = {isa = PBXBuildFile; fileRef = B452F0EE20AC1748004C2384 /* JPVideoPlayer.m */; };
		B452F0FE20AC1748004C2384 /* JPVideoPlayerSupportUtils.m in Sources */ = {isa = PBXBuildFile; fileRef = B452F0EF20AC1748004C2384 /* JPVideoPlayerSupportUtils.m */; };
		B452F0FF20AC1748004C2384 /* UITableViewCell+WebVideoCache.m in Sources */ = {isa = PBXBuildFile; fileRef = B452F0F020AC1748004C2384 /* UITableViewCell+WebVideoCache.m */; };
		B452F10020AC1748004C2384 /* JPVideoPlayerCachePath.m in Sources */ = {isa = PBXBuildFile; fileRef = B452F0F120AC1748004C2384 /* JPVideoPlayerCachePath.m */; };
		B452F10120AC1748004C2384 /* JPResourceLoadingRequestTask.m in Sources */ = {isa = PBXBuildFile; fileRef = B452F0F220AC1748004C2384 /* JPResourceLoadingRequestTask.m */; };
		B452F10620AC18A9004C2384 /* WZVideoViewController.swift in Sources */ = {isa = PBXBuildFile; fileRef = B452F10520AC18A9004C2384 /* WZVideoViewController.swift */; };
		B452F10920AC18BB004C2384 /* Video.storyboard in Resources */ = {isa = PBXBuildFile; fileRef = B452F10820AC18BB004C2384 /* Video.storyboard */; };
		B452F10B20AC192B004C2384 /* WZVideoView.swift in Sources */ = {isa = PBXBuildFile; fileRef = B452F10A20AC192B004C2384 /* WZVideoView.swift */; };
		B471496E20A962E600FDD601 /* V2FPSLabel.swift in Sources */ = {isa = PBXBuildFile; fileRef = B471496D20A962E600FDD601 /* V2FPSLabel.swift */; };
		B471497A20A9852400FDD601 /* AddStroyboardProperty.swift in Sources */ = {isa = PBXBuildFile; fileRef = B471497920A9852400FDD601 /* AddStroyboardProperty.swift */; };
		B471497C20A9879C00FDD601 /* WZSniaViewController.swift in Sources */ = {isa = PBXBuildFile; fileRef = B471497B20A9879C00FDD601 /* WZSniaViewController.swift */; };
		B471497F20A987D000FDD601 /* WZSniaCell.swift in Sources */ = {isa = PBXBuildFile; fileRef = B471497E20A987D000FDD601 /* WZSniaCell.swift */; };
		B471498120A987D900FDD601 /* Sina.storyboard in Resources */ = {isa = PBXBuildFile; fileRef = B471498020A987D900FDD601 /* Sina.storyboard */; };
		B48E3E6A20A564D1009EBB16 /* WZTabBarController.swift in Sources */ = {isa = PBXBuildFile; fileRef = B48E3E6920A564D1009EBB16 /* WZTabBarController.swift */; };
		B48E3E6C20A564F0009EBB16 /* WZNavigationController.swift in Sources */ = {isa = PBXBuildFile; fileRef = B48E3E6B20A564F0009EBB16 /* WZNavigationController.swift */; };
		B48E3E6E20A56550009EBB16 /* WZListViewController.swift in Sources */ = {isa = PBXBuildFile; fileRef = B48E3E6D20A56550009EBB16 /* WZListViewController.swift */; };
		B48E3E7020A5655A009EBB16 /* WZMeViewController.swift in Sources */ = {isa = PBXBuildFile; fileRef = B48E3E6F20A5655A009EBB16 /* WZMeViewController.swift */; };
		B48E3E7420A57A12009EBB16 /* WZMeCell.swift in Sources */ = {isa = PBXBuildFile; fileRef = B48E3E7320A57A12009EBB16 /* WZMeCell.swift */; };
/* End PBXBuildFile section */

/* Begin PBXFileReference section */
		16F9631FA0C2D3DA5BD8170C /* Pods-AutoLayout.debug.xcconfig */ = {isa = PBXFileReference; includeInIndex = 1; lastKnownFileType = text.xcconfig; name = "Pods-AutoLayout.debug.xcconfig"; path = "Pods/Target Support Files/Pods-AutoLayout/Pods-AutoLayout.debug.xcconfig"; sourceTree = "<group>"; };
		1B1252CB9267B342A4E6B55F /* Pods_AutoLayout.framework */ = {isa = PBXFileReference; explicitFileType = wrapper.framework; includeInIndex = 0; path = Pods_AutoLayout.framework; sourceTree = BUILT_PRODUCTS_DIR; };
		39454D311C4478F757B841C6 /* Pods-AutoLayout.release.xcconfig */ = {isa = PBXFileReference; includeInIndex = 1; lastKnownFileType = text.xcconfig; name = "Pods-AutoLayout.release.xcconfig"; path = "Pods/Target Support Files/Pods-AutoLayout/Pods-AutoLayout.release.xcconfig"; sourceTree = "<group>"; };
		7668997220AB298E00EAACED /* WZImageCollectionViewCell.swift */ = {isa = PBXFileReference; lastKnownFileType = sourcecode.swift; path = WZImageCollectionViewCell.swift; sourceTree = "<group>"; };
		B427032420A5860D0052C5A8 /* AutoImageSize.storyboard */ = {isa = PBXFileReference; lastKnownFileType = file.storyboard; path = AutoImageSize.storyboard; sourceTree = "<group>"; };
		B427032620A586260052C5A8 /* WZAutoImageSizeViewController.swift */ = {isa = PBXFileReference; lastKnownFileType = sourcecode.swift; path = WZAutoImageSizeViewController.swift; sourceTree = "<group>"; };
		B427032820A58A440052C5A8 /* WZImageSizeCell.swift */ = {isa = PBXFileReference; lastKnownFileType = sourcecode.swift; path = WZImageSizeCell.swift; sourceTree = "<group>"; };
		B4390DA820A5489700E11123 /* AutoLayout.app */ = {isa = PBXFileReference; explicitFileType = wrapper.application; includeInIndex = 0; path = AutoLayout.app; sourceTree = BUILT_PRODUCTS_DIR; };
		B4390DAB20A5489700E11123 /* AppDelegate.swift */ = {isa = PBXFileReference; lastKnownFileType = sourcecode.swift; path = AppDelegate.swift; sourceTree = "<group>"; };
		B4390DB020A5489700E11123 /* Base */ = {isa = PBXFileReference; lastKnownFileType = file.storyboard; name = Base; path = Base.lproj/Main.storyboard; sourceTree = "<group>"; };
		B4390DB220A5489900E11123 /* Assets.xcassets */ = {isa = PBXFileReference; lastKnownFileType = folder.assetcatalog; path = Assets.xcassets; sourceTree = "<group>"; };
		B4390DB520A5489900E11123 /* Base */ = {isa = PBXFileReference; lastKnownFileType = file.storyboard; name = Base; path = Base.lproj/LaunchScreen.storyboard; sourceTree = "<group>"; };
		B4390DB720A5489900E11123 /* Info.plist */ = {isa = PBXFileReference; lastKnownFileType = text.plist.xml; path = Info.plist; sourceTree = "<group>"; };
		B4390DC320A55F4200E11123 /* Category.swift */ = {isa = PBXFileReference; fileEncoding = 4; lastKnownFileType = sourcecode.swift; path = Category.swift; sourceTree = "<group>"; };
		B4390DC620A55F6800E11123 /* BYNetRequest.swift */ = {isa = PBXFileReference; fileEncoding = 4; lastKnownFileType = sourcecode.swift; path = BYNetRequest.swift; sourceTree = "<group>"; };
		B4390DC720A55F6800E11123 /* BYLoadingTool.swift */ = {isa = PBXFileReference; fileEncoding = 4; lastKnownFileType = sourcecode.swift; path = BYLoadingTool.swift; sourceTree = "<group>"; };
		B4390DC820A55F6800E11123 /* BYTopImageBottomTitleButton.swift */ = {isa = PBXFileReference; fileEncoding = 4; lastKnownFileType = sourcecode.swift; path = BYTopImageBottomTitleButton.swift; sourceTree = "<group>"; };
		B4390DC920A55F6900E11123 /* Common.swift */ = {isa = PBXFileReference; fileEncoding = 4; lastKnownFileType = sourcecode.swift; path = Common.swift; sourceTree = "<group>"; };
		B4390DCE20A5623C00E11123 /* BridgeFile.h */ = {isa = PBXFileReference; lastKnownFileType = sourcecode.c.h; path = BridgeFile.h; sourceTree = "<group>"; };
		B452F0D120AC1290004C2384 /* SinaData.json */ = {isa = PBXFileReference; lastKnownFileType = text.json; path = SinaData.json; sourceTree = "<group>"; };
		B452F0D420AC1748004C2384 /* JPVideoPlayerManager.h */ = {isa = PBXFileReference; fileEncoding = 4; lastKnownFileType = sourcecode.c.h; path = JPVideoPlayerManager.h; sourceTree = "<group>"; };
		B452F0D520AC1748004C2384 /* UITableView+WebVideoCache.h */ = {isa = PBXFileReference; fileEncoding = 4; lastKnownFileType = sourcecode.c.h; path = "UITableView+WebVideoCache.h"; sourceTree = "<group>"; };
		B452F0D620AC1748004C2384 /* JPVideoPlayerDownloader.m */ = {isa = PBXFileReference; fileEncoding = 4; lastKnownFileType = sourcecode.c.objc; path = JPVideoPlayerDownloader.m; sourceTree = "<group>"; };
		B452F0D720AC1748004C2384 /* JPVideoPlayerCache.m */ = {isa = PBXFileReference; fileEncoding = 4; lastKnownFileType = sourcecode.c.objc; path = JPVideoPlayerCache.m; sourceTree = "<group>"; };
		B452F0D820AC1748004C2384 /* JPVideoPlayerCacheFile.h */ = {isa = PBXFileReference; fileEncoding = 4; lastKnownFileType = sourcecode.c.h; path = JPVideoPlayerCacheFile.h; sourceTree = "<group>"; };
		B452F0D920AC1748004C2384 /* JPVideoPlayerControlViews.h */ = {isa = PBXFileReference; fileEncoding = 4; lastKnownFileType = sourcecode.c.h; path = JPVideoPlayerControlViews.h; sourceTree = "<group>"; };
		B452F0DA20AC1748004C2384 /* UIView+WebVideoCache.m */ = {isa = PBXFileReference; fileEncoding = 4; lastKnownFileType = sourcecode.c.objc; path = "UIView+WebVideoCache.m"; sourceTree = "<group>"; };
		B452F0DB20AC1748004C2384 /* JPVideoPlayerCompat.m */ = {isa = PBXFileReference; fileEncoding = 4; lastKnownFileType = sourcecode.c.objc; path = JPVideoPlayerCompat.m; sourceTree = "<group>"; };
		B452F0DC20AC1748004C2384 /* JPVideoPlayerProtocol.h */ = {isa = PBXFileReference; fileEncoding = 4; lastKnownFileType = sourcecode.c.h; path = JPVideoPlayerProtocol.h; sourceTree = "<group>"; };
		B452F0DD20AC1748004C2384 /* JPVideoPlayerKit.h */ = {isa = PBXFileReference; fileEncoding = 4; lastKnownFileType = sourcecode.c.h; path = JPVideoPlayerKit.h; sourceTree = "<group>"; };
		B452F0DE20AC1748004C2384 /* JPVideoPlayer.h */ = {isa = PBXFileReference; fileEncoding = 4; lastKnownFileType = sourcecode.c.h; path = JPVideoPlayer.h; sourceTree = "<group>"; };
		B452F0DF20AC1748004C2384 /* JPVideoPlayerResourceLoader.m */ = {isa = PBXFileReference; fileEncoding = 4; lastKnownFileType = sourcecode.c.objc; path = JPVideoPlayerResourceLoader.m; sourceTree = "<group>"; };
		B452F0E020AC1748004C2384 /* JPResourceLoadingRequestTask.h */ = {isa = PBXFileReference; fileEncoding = 4; lastKnownFileType = sourcecode.c.h; path = JPResourceLoadingRequestTask.h; sourceTree = "<group>"; };
		B452F0E120AC1748004C2384 /* JPVideoPlayerCachePath.h */ = {isa = PBXFileReference; fileEncoding = 4; lastKnownFileType = sourcecode.c.h; path = JPVideoPlayerCachePath.h; sourceTree = "<group>"; };
		B452F0E220AC1748004C2384 /* UITableViewCell+WebVideoCache.h */ = {isa = PBXFileReference; fileEncoding = 4; lastKnownFileType = sourcecode.c.h; path = "UITableViewCell+WebVideoCache.h"; sourceTree = "<group>"; };
		B452F0E320AC1748004C2384 /* JPVideoPlayerSupportUtils.h */ = {isa = PBXFileReference; fileEncoding = 4; lastKnownFileType = sourcecode.c.h; path = JPVideoPlayerSupportUtils.h; sourceTree = "<group>"; };
		B452F0E420AC1748004C2384 /* JPVideoPlayerCacheFile.m */ = {isa = PBXFileReference; fileEncoding = 4; lastKnownFileType = sourcecode.c.objc; path = JPVideoPlayerCacheFile.m; sourceTree = "<group>"; };
		B452F0E520AC1748004C2384 /* JPVideoPlayerControlViews.m */ = {isa = PBXFileReference; fileEncoding = 4; lastKnownFileType = sourcecode.c.objc; path = JPVideoPlayerControlViews.m; sourceTree = "<group>"; };
		B452F0E620AC1748004C2384 /* JPVideoPlayerCache.h */ = {isa = PBXFileReference; fileEncoding = 4; lastKnownFileType = sourcecode.c.h; path = JPVideoPlayerCache.h; sourceTree = "<group>"; };
		B452F0E720AC1748004C2384 /* JPVideoPlayer.bundle */ = {isa = PBXFileReference; lastKnownFileType = "wrapper.plug-in"; path = JPVideoPlayer.bundle; sourceTree = "<group>"; };
		B452F0E820AC1748004C2384 /* JPVideoPlayerDownloader.h */ = {isa = PBXFileReference; fileEncoding = 4; lastKnownFileType = sourcecode.c.h; path = JPVideoPlayerDownloader.h; sourceTree = "<group>"; };
		B452F0E920AC1748004C2384 /* UITableView+WebVideoCache.m */ = {isa = PBXFileReference; fileEncoding = 4; lastKnownFileType = sourcecode.c.objc; path = "UITableView+WebVideoCache.m"; sourceTree = "<group>"; };
		B452F0EA20AC1748004C2384 /* JPVideoPlayerManager.m */ = {isa = PBXFileReference; fileEncoding = 4; lastKnownFileType = sourcecode.c.objc; path = JPVideoPlayerManager.m; sourceTree = "<group>"; };
		B452F0EB20AC1748004C2384 /* JPVideoPlayerCompat.h */ = {isa = PBXFileReference; fileEncoding = 4; lastKnownFileType = sourcecode.c.h; path = JPVideoPlayerCompat.h; sourceTree = "<group>"; };
		B452F0EC20AC1748004C2384 /* UIView+WebVideoCache.h */ = {isa = PBXFileReference; fileEncoding = 4; lastKnownFileType = sourcecode.c.h; path = "UIView+WebVideoCache.h"; sourceTree = "<group>"; };
		B452F0ED20AC1748004C2384 /* JPVideoPlayerResourceLoader.h */ = {isa = PBXFileReference; fileEncoding = 4; lastKnownFileType = sourcecode.c.h; path = JPVideoPlayerResourceLoader.h; sourceTree = "<group>"; };
		B452F0EE20AC1748004C2384 /* JPVideoPlayer.m */ = {isa = PBXFileReference; fileEncoding = 4; lastKnownFileType = sourcecode.c.objc; path = JPVideoPlayer.m; sourceTree = "<group>"; };
		B452F0EF20AC1748004C2384 /* JPVideoPlayerSupportUtils.m */ = {isa = PBXFileReference; fileEncoding = 4; lastKnownFileType = sourcecode.c.objc; path = JPVideoPlayerSupportUtils.m; sourceTree = "<group>"; };
		B452F0F020AC1748004C2384 /* UITableViewCell+WebVideoCache.m */ = {isa = PBXFileReference; fileEncoding = 4; lastKnownFileType = sourcecode.c.objc; path = "UITableViewCell+WebVideoCache.m"; sourceTree = "<group>"; };
		B452F0F120AC1748004C2384 /* JPVideoPlayerCachePath.m */ = {isa = PBXFileReference; fileEncoding = 4; lastKnownFileType = sourcecode.c.objc; path = JPVideoPlayerCachePath.m; sourceTree = "<group>"; };
		B452F0F220AC1748004C2384 /* JPResourceLoadingRequestTask.m */ = {isa = PBXFileReference; fileEncoding = 4; lastKnownFileType = sourcecode.c.objc; path = JPResourceLoadingRequestTask.m; sourceTree = "<group>"; };
		B452F10520AC18A9004C2384 /* WZVideoViewController.swift */ = {isa = PBXFileReference; lastKnownFileType = sourcecode.swift; path = WZVideoViewController.swift; sourceTree = "<group>"; };
		B452F10820AC18BB004C2384 /* Video.storyboard */ = {isa = PBXFileReference; lastKnownFileType = file.storyboard; path = Video.storyboard; sourceTree = "<group>"; };
		B452F10A20AC192B004C2384 /* WZVideoView.swift */ = {isa = PBXFileReference; lastKnownFileType = sourcecode.swift; path = WZVideoView.swift; sourceTree = "<group>"; };
		B471496D20A962E600FDD601 /* V2FPSLabel.swift */ = {isa = PBXFileReference; fileEncoding = 4; lastKnownFileType = sourcecode.swift; path = V2FPSLabel.swift; sourceTree = "<group>"; };
		B471497920A9852400FDD601 /* AddStroyboardProperty.swift */ = {isa = PBXFileReference; lastKnownFileType = sourcecode.swift; path = AddStroyboardProperty.swift; sourceTree = "<group>"; };
		B471497B20A9879C00FDD601 /* WZSniaViewController.swift */ = {isa = PBXFileReference; lastKnownFileType = sourcecode.swift; path = WZSniaViewController.swift; sourceTree = "<group>"; };
		B471497E20A987D000FDD601 /* WZSniaCell.swift */ = {isa = PBXFileReference; lastKnownFileType = sourcecode.swift; path = WZSniaCell.swift; sourceTree = "<group>"; };
		B471498020A987D900FDD601 /* Sina.storyboard */ = {isa = PBXFileReference; lastKnownFileType = file.storyboard; path = Sina.storyboard; sourceTree = "<group>"; };
		B48E3E6920A564D1009EBB16 /* WZTabBarController.swift */ = {isa = PBXFileReference; lastKnownFileType = sourcecode.swift; path = WZTabBarController.swift; sourceTree = "<group>"; };
		B48E3E6B20A564F0009EBB16 /* WZNavigationController.swift */ = {isa = PBXFileReference; lastKnownFileType = sourcecode.swift; path = WZNavigationController.swift; sourceTree = "<group>"; };
		B48E3E6D20A56550009EBB16 /* WZListViewController.swift */ = {isa = PBXFileReference; lastKnownFileType = sourcecode.swift; path = WZListViewController.swift; sourceTree = "<group>"; };
		B48E3E6F20A5655A009EBB16 /* WZMeViewController.swift */ = {isa = PBXFileReference; lastKnownFileType = sourcecode.swift; path = WZMeViewController.swift; sourceTree = "<group>"; };
		B48E3E7320A57A12009EBB16 /* WZMeCell.swift */ = {isa = PBXFileReference; lastKnownFileType = sourcecode.swift; path = WZMeCell.swift; sourceTree = "<group>"; };
/* End PBXFileReference section */

/* Begin PBXFrameworksBuildPhase section */
		B4390DA520A5489700E11123 /* Frameworks */ = {
			isa = PBXFrameworksBuildPhase;
			buildActionMask = 2147483647;
			files = (
				3173A7BD4C0F8A521983555E /* Pods_AutoLayout.framework in Frameworks */,
			);
			runOnlyForDeploymentPostprocessing = 0;
		};
/* End PBXFrameworksBuildPhase section */

/* Begin PBXGroup section */
		B427031F20A585A90052C5A8 /* ImageAutoSize */ = {
			isa = PBXGroup;
			children = (
				B427032120A585C80052C5A8 /* Controllers */,
				B427032020A585C00052C5A8 /* Views */,
			);
			path = ImageAutoSize;
			sourceTree = "<group>";
		};
		B427032020A585C00052C5A8 /* Views */ = {
			isa = PBXGroup;
			children = (
				B427032820A58A440052C5A8 /* WZImageSizeCell.swift */,
			);
			path = Views;
			sourceTree = "<group>";
		};
		B427032120A585C80052C5A8 /* Controllers */ = {
			isa = PBXGroup;
			children = (
				B427032420A5860D0052C5A8 /* AutoImageSize.storyboard */,
				B427032620A586260052C5A8 /* WZAutoImageSizeViewController.swift */,
			);
			path = Controllers;
			sourceTree = "<group>";
		};
		B4390D9F20A5489700E11123 = {
			isa = PBXGroup;
			children = (
				B4390DAA20A5489700E11123 /* AutoLayout */,
				B4390DA920A5489700E11123 /* Products */,
				D7AB78C1E6A02B6CDE3446CE /* Pods */,
				C29EFF41D335A7F98BEEED42 /* Frameworks */,
			);
			sourceTree = "<group>";
		};
		B4390DA920A5489700E11123 /* Products */ = {
			isa = PBXGroup;
			children = (
				B4390DA820A5489700E11123 /* AutoLayout.app */,
			);
			name = Products;
			sourceTree = "<group>";
		};
		B4390DAA20A5489700E11123 /* AutoLayout */ = {
			isa = PBXGroup;
			children = (
				B4390DC520A55F4500E11123 /* Tools */,
				B4390DBE20A549C100E11123 /* Class */,
				B4390DBD20A549A900E11123 /* Supporting File */,
				B4390DB720A5489900E11123 /* Info.plist */,
			);
			path = AutoLayout;
			sourceTree = "<group>";
		};
		B4390DBD20A549A900E11123 /* Supporting File */ = {
			isa = PBXGroup;
			children = (
				B4390DAB20A5489700E11123 /* AppDelegate.swift */,
				B4390DB220A5489900E11123 /* Assets.xcassets */,
				B4390DB420A5489900E11123 /* LaunchScreen.storyboard */,
				B452F0D120AC1290004C2384 /* SinaData.json */,
			);
			path = "Supporting File";
			sourceTree = "<group>";
		};
		B4390DBE20A549C100E11123 /* Class */ = {
			isa = PBXGroup;
			children = (
				B452F10220AC1879004C2384 /* Video */,
				B471496F20A983B200FDD601 /* Sina */,
				B427031F20A585A90052C5A8 /* ImageAutoSize */,
				B48E3E6820A564AE009EBB16 /* Main */,
			);
			path = Class;
			sourceTree = "<group>";
		};
		B4390DC520A55F4500E11123 /* Tools */ = {
			isa = PBXGroup;
			children = (
				B452F0D320AC1748004C2384 /* JPVideoPlayer */,
				B471496D20A962E600FDD601 /* V2FPSLabel.swift */,
				B4390DC720A55F6800E11123 /* BYLoadingTool.swift */,
				B4390DC620A55F6800E11123 /* BYNetRequest.swift */,
				B4390DC820A55F6800E11123 /* BYTopImageBottomTitleButton.swift */,
				B4390DC920A55F6900E11123 /* Common.swift */,
				B4390DC320A55F4200E11123 /* Category.swift */,
				B4390DCE20A5623C00E11123 /* BridgeFile.h */,
				B471497920A9852400FDD601 /* AddStroyboardProperty.swift */,
			);
			path = Tools;
			sourceTree = "<group>";
		};
		B452F0D320AC1748004C2384 /* JPVideoPlayer */ = {
			isa = PBXGroup;
			children = (
				B452F0D420AC1748004C2384 /* JPVideoPlayerManager.h */,
				B452F0D520AC1748004C2384 /* UITableView+WebVideoCache.h */,
				B452F0D620AC1748004C2384 /* JPVideoPlayerDownloader.m */,
				B452F0D720AC1748004C2384 /* JPVideoPlayerCache.m */,
				B452F0D820AC1748004C2384 /* JPVideoPlayerCacheFile.h */,
				B452F0D920AC1748004C2384 /* JPVideoPlayerControlViews.h */,
				B452F0DA20AC1748004C2384 /* UIView+WebVideoCache.m */,
				B452F0DB20AC1748004C2384 /* JPVideoPlayerCompat.m */,
				B452F0DC20AC1748004C2384 /* JPVideoPlayerProtocol.h */,
				B452F0DD20AC1748004C2384 /* JPVideoPlayerKit.h */,
				B452F0DE20AC1748004C2384 /* JPVideoPlayer.h */,
				B452F0DF20AC1748004C2384 /* JPVideoPlayerResourceLoader.m */,
				B452F0E020AC1748004C2384 /* JPResourceLoadingRequestTask.h */,
				B452F0E120AC1748004C2384 /* JPVideoPlayerCachePath.h */,
				B452F0E220AC1748004C2384 /* UITableViewCell+WebVideoCache.h */,
				B452F0E320AC1748004C2384 /* JPVideoPlayerSupportUtils.h */,
				B452F0E420AC1748004C2384 /* JPVideoPlayerCacheFile.m */,
				B452F0E520AC1748004C2384 /* JPVideoPlayerControlViews.m */,
				B452F0E620AC1748004C2384 /* JPVideoPlayerCache.h */,
				B452F0E720AC1748004C2384 /* JPVideoPlayer.bundle */,
				B452F0E820AC1748004C2384 /* JPVideoPlayerDownloader.h */,
				B452F0E920AC1748004C2384 /* UITableView+WebVideoCache.m */,
				B452F0EA20AC1748004C2384 /* JPVideoPlayerManager.m */,
				B452F0EB20AC1748004C2384 /* JPVideoPlayerCompat.h */,
				B452F0EC20AC1748004C2384 /* UIView+WebVideoCache.h */,
				B452F0ED20AC1748004C2384 /* JPVideoPlayerResourceLoader.h */,
				B452F0EE20AC1748004C2384 /* JPVideoPlayer.m */,
				B452F0EF20AC1748004C2384 /* JPVideoPlayerSupportUtils.m */,
				B452F0F020AC1748004C2384 /* UITableViewCell+WebVideoCache.m */,
				B452F0F120AC1748004C2384 /* JPVideoPlayerCachePath.m */,
				B452F0F220AC1748004C2384 /* JPResourceLoadingRequestTask.m */,
			);
			path = JPVideoPlayer;
			sourceTree = "<group>";
		};
		B452F10220AC1879004C2384 /* Video */ = {
			isa = PBXGroup;
			children = (
				B452F10420AC1893004C2384 /* Controllers */,
				B452F10320AC188E004C2384 /* Views */,
			);
			path = Video;
			sourceTree = "<group>";
		};
		B452F10320AC188E004C2384 /* Views */ = {
			isa = PBXGroup;
			children = (
				B452F10A20AC192B004C2384 /* WZVideoView.swift */,
			);
			path = Views;
			sourceTree = "<group>";
		};
		B452F10420AC1893004C2384 /* Controllers */ = {
			isa = PBXGroup;
			children = (
				B452F10520AC18A9004C2384 /* WZVideoViewController.swift */,
				B452F10820AC18BB004C2384 /* Video.storyboard */,
			);
			path = Controllers;
			sourceTree = "<group>";
		};
		B471496F20A983B200FDD601 /* Sina */ = {
			isa = PBXGroup;
			children = (
				B471497120A983F400FDD601 /* Views */,
				B471497020A983E400FDD601 /* Controllers */,
			);
			path = Sina;
			sourceTree = "<group>";
		};
		B471497020A983E400FDD601 /* Controllers */ = {
			isa = PBXGroup;
			children = (
				B471497B20A9879C00FDD601 /* WZSniaViewController.swift */,
				B471498020A987D900FDD601 /* Sina.storyboard */,
			);
			path = Controllers;
			sourceTree = "<group>";
		};
		B471497120A983F400FDD601 /* Views */ = {
			isa = PBXGroup;
			children = (
				B471497E20A987D000FDD601 /* WZSniaCell.swift */,
				7668997220AB298E00EAACED /* WZImageCollectionViewCell.swift */,
			);
			path = Views;
			sourceTree = "<group>";
		};
		B48E3E6820A564AE009EBB16 /* Main */ = {
			isa = PBXGroup;
			children = (
				B48E3E7220A579CC009EBB16 /* Views */,
				B48E3E7120A579AF009EBB16 /* Controllers */,
			);
			path = Main;
			sourceTree = "<group>";
		};
		B48E3E7120A579AF009EBB16 /* Controllers */ = {
			isa = PBXGroup;
			children = (
				B4390DAF20A5489700E11123 /* Main.storyboard */,
				B48E3E6920A564D1009EBB16 /* WZTabBarController.swift */,
				B48E3E6B20A564F0009EBB16 /* WZNavigationController.swift */,
				B48E3E6D20A56550009EBB16 /* WZListViewController.swift */,
				B48E3E6F20A5655A009EBB16 /* WZMeViewController.swift */,
			);
			path = Controllers;
			sourceTree = "<group>";
		};
		B48E3E7220A579CC009EBB16 /* Views */ = {
			isa = PBXGroup;
			children = (
				B48E3E7320A57A12009EBB16 /* WZMeCell.swift */,
			);
			path = Views;
			sourceTree = "<group>";
		};
		C29EFF41D335A7F98BEEED42 /* Frameworks */ = {
			isa = PBXGroup;
			children = (
				1B1252CB9267B342A4E6B55F /* Pods_AutoLayout.framework */,
			);
			name = Frameworks;
			sourceTree = "<group>";
		};
		D7AB78C1E6A02B6CDE3446CE /* Pods */ = {
			isa = PBXGroup;
			children = (
				16F9631FA0C2D3DA5BD8170C /* Pods-AutoLayout.debug.xcconfig */,
				39454D311C4478F757B841C6 /* Pods-AutoLayout.release.xcconfig */,
			);
			name = Pods;
			sourceTree = "<group>";
		};
/* End PBXGroup section */

/* Begin PBXNativeTarget section */
		B4390DA720A5489700E11123 /* AutoLayout */ = {
			isa = PBXNativeTarget;
			buildConfigurationList = B4390DBA20A5489900E11123 /* Build configuration list for PBXNativeTarget "AutoLayout" */;
			buildPhases = (
				AFD0813F7ABD188552C38F34 /* [CP] Check Pods Manifest.lock */,
				B4390DA420A5489700E11123 /* Sources */,
				B4390DA520A5489700E11123 /* Frameworks */,
				B4390DA620A5489700E11123 /* Resources */,
				DAB1839862635D1C718DC6E8 /* [CP] Embed Pods Frameworks */,
			);
			buildRules = (
			);
			dependencies = (
			);
			name = AutoLayout;
			productName = AutoLayout;
			productReference = B4390DA820A5489700E11123 /* AutoLayout.app */;
			productType = "com.apple.product-type.application";
		};
/* End PBXNativeTarget section */

/* Begin PBXProject section */
		B4390DA020A5489700E11123 /* Project object */ = {
			isa = PBXProject;
			attributes = {
				CLASSPREFIX = WZ;
				LastSwiftUpdateCheck = 0930;
				LastUpgradeCheck = 0930;
				ORGANIZATIONNAME = arther;
				TargetAttributes = {
					B4390DA720A5489700E11123 = {
						CreatedOnToolsVersion = 9.3;
					};
				};
			};
			buildConfigurationList = B4390DA320A5489700E11123 /* Build configuration list for PBXProject "AutoLayout" */;
			compatibilityVersion = "Xcode 9.3";
			developmentRegion = en;
			hasScannedForEncodings = 0;
			knownRegions = (
				en,
				Base,
			);
			mainGroup = B4390D9F20A5489700E11123;
			productRefGroup = B4390DA920A5489700E11123 /* Products */;
			projectDirPath = "";
			projectRoot = "";
			targets = (
				B4390DA720A5489700E11123 /* AutoLayout */,
			);
		};
/* End PBXProject section */

/* Begin PBXResourcesBuildPhase section */
		B4390DA620A5489700E11123 /* Resources */ = {
			isa = PBXResourcesBuildPhase;
			buildActionMask = 2147483647;
			files = (
				B452F0D220AC1290004C2384 /* SinaData.json in Resources */,
				B4390DB620A5489900E11123 /* LaunchScreen.storyboard in Resources */,
				B4390DB320A5489900E11123 /* Assets.xcassets in Resources */,
				B452F0FA20AC1748004C2384 /* JPVideoPlayer.bundle in Resources */,
				B471498120A987D900FDD601 /* Sina.storyboard in Resources */,
				B427032520A5860D0052C5A8 /* AutoImageSize.storyboard in Resources */,
				B452F10920AC18BB004C2384 /* Video.storyboard in Resources */,
				B4390DB120A5489700E11123 /* Main.storyboard in Resources */,
			);
			runOnlyForDeploymentPostprocessing = 0;
		};
/* End PBXResourcesBuildPhase section */

/* Begin PBXShellScriptBuildPhase section */
		AFD0813F7ABD188552C38F34 /* [CP] Check Pods Manifest.lock */ = {
			isa = PBXShellScriptBuildPhase;
			buildActionMask = 2147483647;
			files = (
			);
			inputPaths = (
				"${PODS_PODFILE_DIR_PATH}/Podfile.lock",
				"${PODS_ROOT}/Manifest.lock",
			);
			name = "[CP] Check Pods Manifest.lock";
			outputPaths = (
				"$(DERIVED_FILE_DIR)/Pods-AutoLayout-checkManifestLockResult.txt",
			);
			runOnlyForDeploymentPostprocessing = 0;
			shellPath = /bin/sh;
			shellScript = "diff \"${PODS_PODFILE_DIR_PATH}/Podfile.lock\" \"${PODS_ROOT}/Manifest.lock\" > /dev/null\nif [ $? != 0 ] ; then\n    # print error to STDERR\n    echo \"error: The sandbox is not in sync with the Podfile.lock. Run 'pod install' or update your CocoaPods installation.\" >&2\n    exit 1\nfi\n# This output is used by Xcode 'outputs' to avoid re-running this script phase.\necho \"SUCCESS\" > \"${SCRIPT_OUTPUT_FILE_0}\"\n";
			showEnvVarsInLog = 0;
		};
		DAB1839862635D1C718DC6E8 /* [CP] Embed Pods Frameworks */ = {
			isa = PBXShellScriptBuildPhase;
			buildActionMask = 2147483647;
			files = (
			);
			inputPaths = (
				"${SRCROOT}/Pods/Target Support Files/Pods-AutoLayout/Pods-AutoLayout-frameworks.sh",
				"${BUILT_PRODUCTS_DIR}/Alamofire/Alamofire.framework",
				"${BUILT_PRODUCTS_DIR}/Kingfisher/Kingfisher.framework",
				"${BUILT_PRODUCTS_DIR}/MBProgressHUD/MBProgressHUD.framework",
				"${BUILT_PRODUCTS_DIR}/MJRefresh/MJRefresh.framework",
				"${BUILT_PRODUCTS_DIR}/SnapKit/SnapKit.framework",
			);
			name = "[CP] Embed Pods Frameworks";
			outputPaths = (
				"${TARGET_BUILD_DIR}/${FRAMEWORKS_FOLDER_PATH}/Alamofire.framework",
				"${TARGET_BUILD_DIR}/${FRAMEWORKS_FOLDER_PATH}/Kingfisher.framework",
				"${TARGET_BUILD_DIR}/${FRAMEWORKS_FOLDER_PATH}/MBProgressHUD.framework",
				"${TARGET_BUILD_DIR}/${FRAMEWORKS_FOLDER_PATH}/MJRefresh.framework",
				"${TARGET_BUILD_DIR}/${FRAMEWORKS_FOLDER_PATH}/SnapKit.framework",
			);
			runOnlyForDeploymentPostprocessing = 0;
			shellPath = /bin/sh;
			shellScript = "\"${SRCROOT}/Pods/Target Support Files/Pods-AutoLayout/Pods-AutoLayout-frameworks.sh\"\n";
			showEnvVarsInLog = 0;
		};
/* End PBXShellScriptBuildPhase section */

/* Begin PBXSourcesBuildPhase section */
		B4390DA420A5489700E11123 /* Sources */ = {
			isa = PBXSourcesBuildPhase;
			buildActionMask = 2147483647;
			files = (
				B471497C20A9879C00FDD601 /* WZSniaViewController.swift in Sources */,
				B452F0FB20AC1748004C2384 /* UITableView+WebVideoCache.m in Sources */,
				B452F0F420AC1748004C2384 /* JPVideoPlayerCache.m in Sources */,
				B452F10B20AC192B004C2384 /* WZVideoView.swift in Sources */,
				B471496E20A962E600FDD601 /* V2FPSLabel.swift in Sources */,
				B452F0FD20AC1748004C2384 /* JPVideoPlayer.m in Sources */,
				B4390DCB20A55F6900E11123 /* BYLoadingTool.swift in Sources */,
				B452F10620AC18A9004C2384 /* WZVideoViewController.swift in Sources */,
				B4390DCA20A55F6900E11123 /* BYNetRequest.swift in Sources */,
				B452F0F520AC1748004C2384 /* UIView+WebVideoCache.m in Sources */,
				B48E3E7420A57A12009EBB16 /* WZMeCell.swift in Sources */,
				B4390DAC20A5489700E11123 /* AppDelegate.swift in Sources */,
				B48E3E7020A5655A009EBB16 /* WZMeViewController.swift in Sources */,
				B48E3E6A20A564D1009EBB16 /* WZTabBarController.swift in Sources */,
				B452F0F620AC1748004C2384 /* JPVideoPlayerCompat.m in Sources */,
				B452F0FE20AC1748004C2384 /* JPVideoPlayerSupportUtils.m in Sources */,
				B48E3E6E20A56550009EBB16 /* WZListViewController.swift in Sources */,
				B452F10020AC1748004C2384 /* JPVideoPlayerCachePath.m in Sources */,
				B4390DCC20A55F6900E11123 /* BYTopImageBottomTitleButton.swift in Sources */,
				B452F0F820AC1748004C2384 /* JPVideoPlayerCacheFile.m in Sources */,
				B452F0FC20AC1748004C2384 /* JPVideoPlayerManager.m in Sources */,
				B4390DC420A55F4200E11123 /* Category.swift in Sources */,
				B452F0FF20AC1748004C2384 /* UITableViewCell+WebVideoCache.m in Sources */,
				B452F10120AC1748004C2384 /* JPResourceLoadingRequestTask.m in Sources */,
				7668997320AB298E00EAACED /* WZImageCollectionViewCell.swift in Sources */,
				B452F0F720AC1748004C2384 /* JPVideoPlayerResourceLoader.m in Sources */,
				B427032920A58A440052C5A8 /* WZImageSizeCell.swift in Sources */,
				B452F0F320AC1748004C2384 /* JPVideoPlayerDownloader.m in Sources */,
				B471497A20A9852400FDD601 /* AddStroyboardProperty.swift in Sources */,
				B452F0F920AC1748004C2384 /* JPVideoPlayerControlViews.m in Sources */,
				B427032720A586260052C5A8 /* WZAutoImageSizeViewController.swift in Sources */,
				B48E3E6C20A564F0009EBB16 /* WZNavigationController.swift in Sources */,
				B471497F20A987D000FDD601 /* WZSniaCell.swift in Sources */,
				B4390DCD20A55F6900E11123 /* Common.swift in Sources */,
			);
			runOnlyForDeploymentPostprocessing = 0;
		};
/* End PBXSourcesBuildPhase section */

/* Begin PBXVariantGroup section */
		B4390DAF20A5489700E11123 /* Main.storyboard */ = {
			isa = PBXVariantGroup;
			children = (
				B4390DB020A5489700E11123 /* Base */,
			);
			name = Main.storyboard;
			sourceTree = "<group>";
		};
		B4390DB420A5489900E11123 /* LaunchScreen.storyboard */ = {
			isa = PBXVariantGroup;
			children = (
				B4390DB520A5489900E11123 /* Base */,
			);
			name = LaunchScreen.storyboard;
			sourceTree = "<group>";
		};
/* End PBXVariantGroup section */

/* Begin XCBuildConfiguration section */
		B4390DB820A5489900E11123 /* Debug */ = {
			isa = XCBuildConfiguration;
			buildSettings = {
				ALWAYS_SEARCH_USER_PATHS = NO;
				CLANG_ANALYZER_NONNULL = YES;
				CLANG_ANALYZER_NUMBER_OBJECT_CONVERSION = YES_AGGRESSIVE;
				CLANG_CXX_LANGUAGE_STANDARD = "gnu++14";
				CLANG_CXX_LIBRARY = "libc++";
				CLANG_ENABLE_MODULES = YES;
				CLANG_ENABLE_OBJC_ARC = YES;
				CLANG_ENABLE_OBJC_WEAK = YES;
				CLANG_WARN_BLOCK_CAPTURE_AUTORELEASING = YES;
				CLANG_WARN_BOOL_CONVERSION = YES;
				CLANG_WARN_COMMA = YES;
				CLANG_WARN_CONSTANT_CONVERSION = YES;
				CLANG_WARN_DEPRECATED_OBJC_IMPLEMENTATIONS = YES;
				CLANG_WARN_DIRECT_OBJC_ISA_USAGE = YES_ERROR;
				CLANG_WARN_DOCUMENTATION_COMMENTS = YES;
				CLANG_WARN_EMPTY_BODY = YES;
				CLANG_WARN_ENUM_CONVERSION = YES;
				CLANG_WARN_INFINITE_RECURSION = YES;
				CLANG_WARN_INT_CONVERSION = YES;
				CLANG_WARN_NON_LITERAL_NULL_CONVERSION = YES;
				CLANG_WARN_OBJC_IMPLICIT_RETAIN_SELF = YES;
				CLANG_WARN_OBJC_LITERAL_CONVERSION = YES;
				CLANG_WARN_OBJC_ROOT_CLASS = YES_ERROR;
				CLANG_WARN_RANGE_LOOP_ANALYSIS = YES;
				CLANG_WARN_STRICT_PROTOTYPES = YES;
				CLANG_WARN_SUSPICIOUS_MOVE = YES;
				CLANG_WARN_UNGUARDED_AVAILABILITY = YES_AGGRESSIVE;
				CLANG_WARN_UNREACHABLE_CODE = YES;
				CLANG_WARN__DUPLICATE_METHOD_MATCH = YES;
				CODE_SIGN_IDENTITY = "iPhone Developer";
				COPY_PHASE_STRIP = NO;
				DEBUG_INFORMATION_FORMAT = dwarf;
				ENABLE_STRICT_OBJC_MSGSEND = YES;
				ENABLE_TESTABILITY = YES;
				GCC_C_LANGUAGE_STANDARD = gnu11;
				GCC_DYNAMIC_NO_PIC = NO;
				GCC_NO_COMMON_BLOCKS = YES;
				GCC_OPTIMIZATION_LEVEL = 0;
				GCC_PREPROCESSOR_DEFINITIONS = (
					"DEBUG=1",
					"$(inherited)",
				);
				GCC_WARN_64_TO_32_BIT_CONVERSION = YES;
				GCC_WARN_ABOUT_RETURN_TYPE = YES_ERROR;
				GCC_WARN_UNDECLARED_SELECTOR = YES;
				GCC_WARN_UNINITIALIZED_AUTOS = YES_AGGRESSIVE;
				GCC_WARN_UNUSED_FUNCTION = YES;
				GCC_WARN_UNUSED_VARIABLE = YES;
				IPHONEOS_DEPLOYMENT_TARGET = 11.3;
				MTL_ENABLE_DEBUG_INFO = YES;
				ONLY_ACTIVE_ARCH = YES;
				SDKROOT = iphoneos;
				SWIFT_ACTIVE_COMPILATION_CONDITIONS = DEBUG;
				SWIFT_OPTIMIZATION_LEVEL = "-Onone";
			};
			name = Debug;
		};
		B4390DB920A5489900E11123 /* Release */ = {
			isa = XCBuildConfiguration;
			buildSettings = {
				ALWAYS_SEARCH_USER_PATHS = NO;
				CLANG_ANALYZER_NONNULL = YES;
				CLANG_ANALYZER_NUMBER_OBJECT_CONVERSION = YES_AGGRESSIVE;
				CLANG_CXX_LANGUAGE_STANDARD = "gnu++14";
				CLANG_CXX_LIBRARY = "libc++";
				CLANG_ENABLE_MODULES = YES;
				CLANG_ENABLE_OBJC_ARC = YES;
				CLANG_ENABLE_OBJC_WEAK = YES;
				CLANG_WARN_BLOCK_CAPTURE_AUTORELEASING = YES;
				CLANG_WARN_BOOL_CONVERSION = YES;
				CLANG_WARN_COMMA = YES;
				CLANG_WARN_CONSTANT_CONVERSION = YES;
				CLANG_WARN_DEPRECATED_OBJC_IMPLEMENTATIONS = YES;
				CLANG_WARN_DIRECT_OBJC_ISA_USAGE = YES_ERROR;
				CLANG_WARN_DOCUMENTATION_COMMENTS = YES;
				CLANG_WARN_EMPTY_BODY = YES;
				CLANG_WARN_ENUM_CONVERSION = YES;
				CLANG_WARN_INFINITE_RECURSION = YES;
				CLANG_WARN_INT_CONVERSION = YES;
				CLANG_WARN_NON_LITERAL_NULL_CONVERSION = YES;
				CLANG_WARN_OBJC_IMPLICIT_RETAIN_SELF = YES;
				CLANG_WARN_OBJC_LITERAL_CONVERSION = YES;
				CLANG_WARN_OBJC_ROOT_CLASS = YES_ERROR;
				CLANG_WARN_RANGE_LOOP_ANALYSIS = YES;
				CLANG_WARN_STRICT_PROTOTYPES = YES;
				CLANG_WARN_SUSPICIOUS_MOVE = YES;
				CLANG_WARN_UNGUARDED_AVAILABILITY = YES_AGGRESSIVE;
				CLANG_WARN_UNREACHABLE_CODE = YES;
				CLANG_WARN__DUPLICATE_METHOD_MATCH = YES;
				CODE_SIGN_IDENTITY = "iPhone Developer";
				COPY_PHASE_STRIP = NO;
				DEBUG_INFORMATION_FORMAT = "dwarf-with-dsym";
				ENABLE_NS_ASSERTIONS = NO;
				ENABLE_STRICT_OBJC_MSGSEND = YES;
				GCC_C_LANGUAGE_STANDARD = gnu11;
				GCC_NO_COMMON_BLOCKS = YES;
				GCC_WARN_64_TO_32_BIT_CONVERSION = YES;
				GCC_WARN_ABOUT_RETURN_TYPE = YES_ERROR;
				GCC_WARN_UNDECLARED_SELECTOR = YES;
				GCC_WARN_UNINITIALIZED_AUTOS = YES_AGGRESSIVE;
				GCC_WARN_UNUSED_FUNCTION = YES;
				GCC_WARN_UNUSED_VARIABLE = YES;
				IPHONEOS_DEPLOYMENT_TARGET = 11.3;
				MTL_ENABLE_DEBUG_INFO = NO;
				SDKROOT = iphoneos;
				SWIFT_COMPILATION_MODE = wholemodule;
				SWIFT_OPTIMIZATION_LEVEL = "-O";
				VALIDATE_PRODUCT = YES;
			};
			name = Release;
		};
		B4390DBB20A5489900E11123 /* Debug */ = {
			isa = XCBuildConfiguration;
			baseConfigurationReference = 16F9631FA0C2D3DA5BD8170C /* Pods-AutoLayout.debug.xcconfig */;
			buildSettings = {
				ASSETCATALOG_COMPILER_APPICON_NAME = AppIcon;
				CODE_SIGN_STYLE = Automatic;
				DEVELOPMENT_TEAM = X293M59WA5;
				INFOPLIST_FILE = AutoLayout/Info.plist;
				IPHONEOS_DEPLOYMENT_TARGET = 9.0;
				LD_RUNPATH_SEARCH_PATHS = (
					"$(inherited)",
					"@executable_path/Frameworks",
				);
				PRODUCT_BUNDLE_IDENTIFIER = com.github.553559555.AutoLayout;
				PRODUCT_NAME = "$(TARGET_NAME)";
				SWIFT_OBJC_BRIDGING_HEADER = AutoLayout/Tools/BridgeFile.h;
				SWIFT_VERSION = 4.0;
				TARGETED_DEVICE_FAMILY = 1;
			};
			name = Debug;
		};
		B4390DBC20A5489900E11123 /* Release */ = {
			isa = XCBuildConfiguration;
			baseConfigurationReference = 39454D311C4478F757B841C6 /* Pods-AutoLayout.release.xcconfig */;
			buildSettings = {
				ASSETCATALOG_COMPILER_APPICON_NAME = AppIcon;
				CODE_SIGN_STYLE = Automatic;
				DEVELOPMENT_TEAM = X293M59WA5;
				INFOPLIST_FILE = AutoLayout/Info.plist;
				IPHONEOS_DEPLOYMENT_TARGET = 9.0;
				LD_RUNPATH_SEARCH_PATHS = (
					"$(inherited)",
					"@executable_path/Frameworks",
				);
				PRODUCT_BUNDLE_IDENTIFIER = com.github.553559555.AutoLayout;
				PRODUCT_NAME = "$(TARGET_NAME)";
				SWIFT_OBJC_BRIDGING_HEADER = AutoLayout/Tools/BridgeFile.h;
				SWIFT_VERSION = 4.0;
				TARGETED_DEVICE_FAMILY = 1;
			};
			name = Release;
		};
/* End XCBuildConfiguration section */

/* Begin XCConfigurationList section */
		B4390DA320A5489700E11123 /* Build configuration list for PBXProject "AutoLayout" */ = {
			isa = XCConfigurationList;
			buildConfigurations = (
				B4390DB820A5489900E11123 /* Debug */,
				B4390DB920A5489900E11123 /* Release */,
			);
			defaultConfigurationIsVisible = 0;
			defaultConfigurationName = Release;
		};
		B4390DBA20A5489900E11123 /* Build configuration list for PBXNativeTarget "AutoLayout" */ = {
			isa = XCConfigurationList;
			buildConfigurations = (
				B4390DBB20A5489900E11123 /* Debug */,
				B4390DBC20A5489900E11123 /* Release */,
			);
			defaultConfigurationIsVisible = 0;
			defaultConfigurationName = Release;
		};
/* End XCConfigurationList section */
	};
	rootObject = B4390DA020A5489700E11123 /* Project object */;
}
