PODS:
  - Alamofire (4.5.1)
  - Kingfisher (4.2.0)
  - MBProgressHUD (1.0.0)
  - MJRefresh (3.1.15)
  - SnapKit (4.0.0)

DEPENDENCIES:
  - Alamofire
  - Kingfisher
  - MBProgressHUD
  - MJRefresh
  - SnapKit

SPEC REPOS:
  https://github.com/cocoapods/specs.git:
    - Alamofire
    - Kingfisher
    - MBProgressHUD
    - MJRefresh
    - SnapKit

SPEC CHECKSUMS:
  Alamofire: 2d95912bf4c34f164fdfc335872e8c312acaea4a
  Kingfisher: 9ee7e788d8ba07c3f21ce0d43f33cec310a4f781
  MBProgressHUD: 4890f671c94e8a0f3cf959aa731e9de2f036d71a
  MJRefresh: 9af70f5f9327a2cf87f0fb5929f35fcc2fa638ea
  SnapKit: a42d492c16e80209130a3379f73596c3454b7694

PODFILE CHECKSUM: 312b2b2b3d7b923119b8ee8e081b949fdbc908ec

COCOAPODS: 1.5.2
